// !$*UTF8*$!
{
	archiveVersion = 1;
	classes = {
	};
	objectVersion = 56;
	objects = {

/* Begin PBXBuildFile section */
		1B0C39092C5F89E60093B1A4 /* Extension.swift in Sources */ = {isa = PBXBuildFile; fileRef = 1B0C39082C5F89E60093B1A4 /* Extension.swift */; };
		1B0C390D2C5F92C90093B1A4 /* NutrientsCardView.swift in Sources */ = {isa = PBXBuildFile; fileRef = 1B0C390C2C5F92C90093B1A4 /* NutrientsCardView.swift */; };
		1B0C390F2C5FA25E0093B1A4 /* data.json in Resources */ = {isa = PBXBuildFile; fileRef = 1B0C390E2C5FA25E0093B1A4 /* data.json */; };
		1B0C39112C5FBF580093B1A4 /* IngredientsView.swift in Sources */ = {isa = PBXBuildFile; fileRef = 1B0C39102C5FBF580093B1A4 /* IngredientsView.swift */; };
		1B0C39132C5FBF6C0093B1A4 /* InstructionsView.swift in Sources */ = {isa = PBXBuildFile; fileRef = 1B0C39122C5FBF6C0093B1A4 /* InstructionsView.swift */; };
		1B0C39152C5FE4800093B1A4 /* OnboardingView.swift in Sources */ = {isa = PBXBuildFile; fileRef = 1B0C39142C5FE4800093B1A4 /* OnboardingView.swift */; };
		1B47C8B82C563B39004AB837 /* SpoonacularApp.swift in Sources */ = {isa = PBXBuildFile; fileRef = 1B47C8B72C563B39004AB837 /* SpoonacularApp.swift */; };
		1B47C8BA2C563B39004AB837 /* HomeView.swift in Sources */ = {isa = PBXBuildFile; fileRef = 1B47C8B92C563B39004AB837 /* HomeView.swift */; };
		1B47C8BC2C563B3B004AB837 /* Assets.xcassets in Resources */ = {isa = PBXBuildFile; fileRef = 1B47C8BB2C563B3B004AB837 /* Assets.xcassets */; };
		1B47C8BF2C563B3B004AB837 /* Preview Assets.xcassets in Resources */ = {isa = PBXBuildFile; fileRef = 1B47C8BE2C563B3B004AB837 /* Preview Assets.xcassets */; };
		1B47C8C62C565C45004AB837 /* DataService.swift in Sources */ = {isa = PBXBuildFile; fileRef = 1B47C8C52C565C45004AB837 /* DataService.swift */; };
		1B47C8C82C565C55004AB837 /* DataModel.swift in Sources */ = {isa = PBXBuildFile; fileRef = 1B47C8C72C565C55004AB837 /* DataModel.swift */; };
		1B47C8CC2C57BD03004AB837 /* RecipeDetailView.swift in Sources */ = {isa = PBXBuildFile; fileRef = 1B47C8CB2C57BD03004AB837 /* RecipeDetailView.swift */; };
		1B47C8CE2C57F53F004AB837 /* RecipeModel.swift in Sources */ = {isa = PBXBuildFile; fileRef = 1B47C8CD2C57F53F004AB837 /* RecipeModel.swift */; };
/* End PBXBuildFile section */

/* Begin PBXFileReference section */
		1B0C39082C5F89E60093B1A4 /* Extension.swift */ = {isa = PBXFileReference; lastKnownFileType = sourcecode.swift; path = Extension.swift; sourceTree = "<group>"; };
		1B0C390C2C5F92C90093B1A4 /* NutrientsCardView.swift */ = {isa = PBXFileReference; lastKnownFileType = sourcecode.swift; path = NutrientsCardView.swift; sourceTree = "<group>"; };
		1B0C390E2C5FA25E0093B1A4 /* data.json */ = {isa = PBXFileReference; fileEncoding = 4; lastKnownFileType = text.json; path = data.json; sourceTree = "<group>"; };
		1B0C39102C5FBF580093B1A4 /* IngredientsView.swift */ = {isa = PBXFileReference; lastKnownFileType = sourcecode.swift; path = IngredientsView.swift; sourceTree = "<group>"; };
		1B0C39122C5FBF6C0093B1A4 /* InstructionsView.swift */ = {isa = PBXFileReference; lastKnownFileType = sourcecode.swift; path = InstructionsView.swift; sourceTree = "<group>"; };
		1B0C39142C5FE4800093B1A4 /* OnboardingView.swift */ = {isa = PBXFileReference; lastKnownFileType = sourcecode.swift; path = OnboardingView.swift; sourceTree = "<group>"; };
		1B47C8B42C563B39004AB837 /* Spoonacular.app */ = {isa = PBXFileReference; explicitFileType = wrapper.application; includeInIndex = 0; path = Spoonacular.app; sourceTree = BUILT_PRODUCTS_DIR; };
		1B47C8B72C563B39004AB837 /* SpoonacularApp.swift */ = {isa = PBXFileReference; lastKnownFileType = sourcecode.swift; path = SpoonacularApp.swift; sourceTree = "<group>"; };
		1B47C8B92C563B39004AB837 /* HomeView.swift */ = {isa = PBXFileReference; lastKnownFileType = sourcecode.swift; path = HomeView.swift; sourceTree = "<group>"; };
		1B47C8BB2C563B3B004AB837 /* Assets.xcassets */ = {isa = PBXFileReference; lastKnownFileType = folder.assetcatalog; path = Assets.xcassets; sourceTree = "<group>"; };
		1B47C8BE2C563B3B004AB837 /* Preview Assets.xcassets */ = {isa = PBXFileReference; lastKnownFileType = folder.assetcatalog; path = "Preview Assets.xcassets"; sourceTree = "<group>"; };
		1B47C8C52C565C45004AB837 /* DataService.swift */ = {isa = PBXFileReference; lastKnownFileType = sourcecode.swift; path = DataService.swift; sourceTree = "<group>"; };
		1B47C8C72C565C55004AB837 /* DataModel.swift */ = {isa = PBXFileReference; lastKnownFileType = sourcecode.swift; path = DataModel.swift; sourceTree = "<group>"; };
		1B47C8C92C57ABFB004AB837 /* Config.xcconfig */ = {isa = PBXFileReference; lastKnownFileType = text.xcconfig; path = Config.xcconfig; sourceTree = "<group>"; };
		1B47C8CA2C57AC34004AB837 /* Info.plist */ = {isa = PBXFileReference; lastKnownFileType = text.plist; path = Info.plist; sourceTree = "<group>"; };
		1B47C8CB2C57BD03004AB837 /* RecipeDetailView.swift */ = {isa = PBXFileReference; lastKnownFileType = sourcecode.swift; path = RecipeDetailView.swift; sourceTree = "<group>"; };
		1B47C8CD2C57F53F004AB837 /* RecipeModel.swift */ = {isa = PBXFileReference; lastKnownFileType = sourcecode.swift; path = RecipeModel.swift; sourceTree = "<group>"; };
/* End PBXFileReference section */

/* Begin PBXFrameworksBuildPhase section */
		1B47C8B12C563B39004AB837 /* Frameworks */ = {
			isa = PBXFrameworksBuildPhase;
			buildActionMask = 2147483647;
			files = (
			);
			runOnlyForDeploymentPostprocessing = 0;
		};
/* End PBXFrameworksBuildPhase section */

/* Begin PBXGroup section */
		1B47C8AB2C563B39004AB837 = {
			isa = PBXGroup;
			children = (
				1B47C8B62C563B39004AB837 /* Spoonacular */,
				1B47C8B52C563B39004AB837 /* Products */,
			);
			sourceTree = "<group>";
		};
		1B47C8B52C563B39004AB837 /* Products */ = {
			isa = PBXGroup;
			children = (
				1B47C8B42C563B39004AB837 /* Spoonacular.app */,
			);
			name = Products;
			sourceTree = "<group>";
		};
		1B47C8B62C563B39004AB837 /* Spoonacular */ = {
			isa = PBXGroup;
			children = (
				1B47C8CA2C57AC34004AB837 /* Info.plist */,
				1B47C8B72C563B39004AB837 /* SpoonacularApp.swift */,
				1B0C39142C5FE4800093B1A4 /* OnboardingView.swift */,
				1B47C8B92C563B39004AB837 /* HomeView.swift */,
				1B47C8CB2C57BD03004AB837 /* RecipeDetailView.swift */,
				1B0C39102C5FBF580093B1A4 /* IngredientsView.swift */,
				1B0C39122C5FBF6C0093B1A4 /* InstructionsView.swift */,
				1B0C390C2C5F92C90093B1A4 /* NutrientsCardView.swift */,
				1B0C39082C5F89E60093B1A4 /* Extension.swift */,
				1B47C8CD2C57F53F004AB837 /* RecipeModel.swift */,
				1B47C8C52C565C45004AB837 /* DataService.swift */,
				1B47C8C72C565C55004AB837 /* DataModel.swift */,
				1B0C390E2C5FA25E0093B1A4 /* data.json */,
				1B47C8C92C57ABFB004AB837 /* Config.xcconfig */,
				1B47C8BB2C563B3B004AB837 /* Assets.xcassets */,
				1B47C8BD2C563B3B004AB837 /* Preview Content */,
			);
			path = Spoonacular;
			sourceTree = "<group>";
		};
		1B47C8BD2C563B3B004AB837 /* Preview Content */ = {
			isa = PBXGroup;
			children = (
				1B47C8BE2C563B3B004AB837 /* Preview Assets.xcassets */,
			);
			path = "Preview Content";
			sourceTree = "<group>";
		};
/* End PBXGroup section */

/* Begin PBXNativeTarget section */
		1B47C8B32C563B39004AB837 /* Spoonacular */ = {
			isa = PBXNativeTarget;
			buildConfigurationList = 1B47C8C22C563B3B004AB837 /* Build configuration list for PBXNativeTarget "Spoonacular" */;
			buildPhases = (
				1B47C8B02C563B39004AB837 /* Sources */,
				1B47C8B12C563B39004AB837 /* Frameworks */,
				1B47C8B22C563B39004AB837 /* Resources */,
			);
			buildRules = (
			);
			dependencies = (
			);
			name = Spoonacular;
			productName = Spoonacular;
			productReference = 1B47C8B42C563B39004AB837 /* Spoonacular.app */;
			productType = "com.apple.product-type.application";
		};
/* End PBXNativeTarget section */

/* Begin PBXProject section */
		1B47C8AC2C563B39004AB837 /* Project object */ = {
			isa = PBXProject;
			attributes = {
				BuildIndependentTargetsInParallel = 1;
				LastSwiftUpdateCheck = 1540;
				LastUpgradeCheck = 1540;
				TargetAttributes = {
					1B47C8B32C563B39004AB837 = {
						CreatedOnToolsVersion = 15.4;
					};
				};
			};
			buildConfigurationList = 1B47C8AF2C563B39004AB837 /* Build configuration list for PBXProject "Spoonacular" */;
			compatibilityVersion = "Xcode 14.0";
			developmentRegion = en;
			hasScannedForEncodings = 0;
			knownRegions = (
				en,
				Base,
			);
			mainGroup = 1B47C8AB2C563B39004AB837;
			productRefGroup = 1B47C8B52C563B39004AB837 /* Products */;
			projectDirPath = "";
			projectRoot = "";
			targets = (
				1B47C8B32C563B39004AB837 /* Spoonacular */,
			);
		};
/* End PBXProject section */

/* Begin PBXResourcesBuildPhase section */
		1B47C8B22C563B39004AB837 /* Resources */ = {
			isa = PBXResourcesBuildPhase;
			buildActionMask = 2147483647;
			files = (
				1B47C8BF2C563B3B004AB837 /* Preview Assets.xcassets in Resources */,
				1B0C390F2C5FA25E0093B1A4 /* data.json in Resources */,
				1B47C8BC2C563B3B004AB837 /* Assets.xcassets in Resources */,
			);
			runOnlyForDeploymentPostprocessing = 0;
		};
/* End PBXResourcesBuildPhase section */

/* Begin PBXSourcesBuildPhase section */
		1B47C8B02C563B39004AB837 /* Sources */ = {
			isa = PBXSourcesBuildPhase;
			buildActionMask = 2147483647;
			files = (
				1B47C8C62C565C45004AB837 /* DataService.swift in Sources */,
				1B0C39132C5FBF6C0093B1A4 /* InstructionsView.swift in Sources */,
				1B47C8CC2C57BD03004AB837 /* RecipeDetailView.swift in Sources */,
				1B47C8C82C565C55004AB837 /* DataModel.swift in Sources */,
				1B0C390D2C5F92C90093B1A4 /* NutrientsCardView.swift in Sources */,
				1B0C39112C5FBF580093B1A4 /* IngredientsView.swift in Sources */,
				1B47C8BA2C563B39004AB837 /* HomeView.swift in Sources */,
				1B47C8B82C563B39004AB837 /* SpoonacularApp.swift in Sources */,
				1B47C8CE2C57F53F004AB837 /* RecipeModel.swift in Sources */,
				1B0C39092C5F89E60093B1A4 /* Extension.swift in Sources */,
				1B0C39152C5FE4800093B1A4 /* OnboardingView.swift in Sources */,
			);
			runOnlyForDeploymentPostprocessing = 0;
		};
/* End PBXSourcesBuildPhase section */

/* Begin XCBuildConfiguration section */
		1B47C8C02C563B3B004AB837 /* Debug */ = {
			isa = XCBuildConfiguration;
			baseConfigurationReference = 1B47C8C92C57ABFB004AB837 /* Config.xcconfig */;
			buildSettings = {
				ALWAYS_SEARCH_USER_PATHS = NO;
				ASSETCATALOG_COMPILER_GENERATE_SWIFT_ASSET_SYMBOL_EXTENSIONS = YES;
				CLANG_ANALYZER_NONNULL = YES;
				CLANG_ANALYZER_NUMBER_OBJECT_CONVERSION = YES_AGGRESSIVE;
				CLANG_CXX_LANGUAGE_STANDARD = "gnu++20";
				CLANG_ENABLE_MODULES = YES;
				CLANG_ENABLE_OBJC_ARC = YES;
				CLANG_ENABLE_OBJC_WEAK = YES;
				CLANG_WARN_BLOCK_CAPTURE_AUTORELEASING = YES;
				CLANG_WARN_BOOL_CONVERSION = YES;
				CLANG_WARN_COMMA = YES;
				CLANG_WARN_CONSTANT_CONVERSION = YES;
				CLANG_WARN_DEPRECATED_OBJC_IMPLEMENTATIONS = YES;
				CLANG_WARN_DIRECT_OBJC_ISA_USAGE = YES_ERROR;
				CLANG_WARN_DOCUMENTATION_COMMENTS = YES;
				CLANG_WARN_EMPTY_BODY = YES;
				CLANG_WARN_ENUM_CONVERSION = YES;
				CLANG_WARN_INFINITE_RECURSION = YES;
				CLANG_WARN_INT_CONVERSION = YES;
				CLANG_WARN_NON_LITERAL_NULL_CONVERSION = YES;
				CLANG_WARN_OBJC_IMPLICIT_RETAIN_SELF = YES;
				CLANG_WARN_OBJC_LITERAL_CONVERSION = YES;
				CLANG_WARN_OBJC_ROOT_CLASS = YES_ERROR;
				CLANG_WARN_QUOTED_INCLUDE_IN_FRAMEWORK_HEADER = YES;
				CLANG_WARN_RANGE_LOOP_ANALYSIS = YES;
				CLANG_WARN_STRICT_PROTOTYPES = YES;
				CLANG_WARN_SUSPICIOUS_MOVE = YES;
				CLANG_WARN_UNGUARDED_AVAILABILITY = YES_AGGRESSIVE;
				CLANG_WARN_UNREACHABLE_CODE = YES;
				CLANG_WARN__DUPLICATE_METHOD_MATCH = YES;
				COPY_PHASE_STRIP = NO;
				DEBUG_INFORMATION_FORMAT = dwarf;
				ENABLE_STRICT_OBJC_MSGSEND = YES;
				ENABLE_TESTABILITY = YES;
				ENABLE_USER_SCRIPT_SANDBOXING = YES;
				GCC_C_LANGUAGE_STANDARD = gnu17;
				GCC_DYNAMIC_NO_PIC = NO;
				GCC_NO_COMMON_BLOCKS = YES;
				GCC_OPTIMIZATION_LEVEL = 0;
				GCC_PREPROCESSOR_DEFINITIONS = (
					"DEBUG=1",
					"$(inherited)",
				);
				GCC_WARN_64_TO_32_BIT_CONVERSION = YES;
				GCC_WARN_ABOUT_RETURN_TYPE = YES_ERROR;
				GCC_WARN_UNDECLARED_SELECTOR = YES;
				GCC_WARN_UNINITIALIZED_AUTOS = YES_AGGRESSIVE;
				GCC_WARN_UNUSED_FUNCTION = YES;
				GCC_WARN_UNUSED_VARIABLE = YES;
				IPHONEOS_DEPLOYMENT_TARGET = 17.5;
				LOCALIZATION_PREFERS_STRING_CATALOGS = YES;
				MTL_ENABLE_DEBUG_INFO = INCLUDE_SOURCE;
				MTL_FAST_MATH = YES;
				ONLY_ACTIVE_ARCH = YES;
				SDKROOT = iphoneos;
				SWIFT_ACTIVE_COMPILATION_CONDITIONS = "DEBUG $(inherited)";
				SWIFT_OPTIMIZATION_LEVEL = "-Onone";
			};
			name = Debug;
		};
		1B47C8C12C563B3B004AB837 /* Release */ = {
			isa = XCBuildConfiguration;
			baseConfigurationReference = 1B47C8C92C57ABFB004AB837 /* Config.xcconfig */;
			buildSettings = {
				ALWAYS_SEARCH_USER_PATHS = NO;
				ASSETCATALOG_COMPILER_GENERATE_SWIFT_ASSET_SYMBOL_EXTENSIONS = YES;
				CLANG_ANALYZER_NONNULL = YES;
				CLANG_ANALYZER_NUMBER_OBJECT_CONVERSION = YES_AGGRESSIVE;
				CLANG_CXX_LANGUAGE_STANDARD = "gnu++20";
				CLANG_ENABLE_MODULES = YES;
				CLANG_ENABLE_OBJC_ARC = YES;
				CLANG_ENABLE_OBJC_WEAK = YES;
				CLANG_WARN_BLOCK_CAPTURE_AUTORELEASING = YES;
				CLANG_WARN_BOOL_CONVERSION = YES;
				CLANG_WARN_COMMA = YES;
				CLANG_WARN_CONSTANT_CONVERSION = YES;
				CLANG_WARN_DEPRECATED_OBJC_IMPLEMENTATIONS = YES;
				CLANG_WARN_DIRECT_OBJC_ISA_USAGE = YES_ERROR;
				CLANG_WARN_DOCUMENTATION_COMMENTS = YES;
				CLANG_WARN_EMPTY_BODY = YES;
				CLANG_WARN_ENUM_CONVERSION = YES;
				CLANG_WARN_INFINITE_RECURSION = YES;
				CLANG_WARN_INT_CONVERSION = YES;
				CLANG_WARN_NON_LITERAL_NULL_CONVERSION = YES;
				CLANG_WARN_OBJC_IMPLICIT_RETAIN_SELF = YES;
				CLANG_WARN_OBJC_LITERAL_CONVERSION = YES;
				CLANG_WARN_OBJC_ROOT_CLASS = YES_ERROR;
				CLANG_WARN_QUOTED_INCLUDE_IN_FRAMEWORK_HEADER = YES;
				CLANG_WARN_RANGE_LOOP_ANALYSIS = YES;
				CLANG_WARN_STRICT_PROTOTYPES = YES;
				CLANG_WARN_SUSPICIOUS_MOVE = YES;
				CLANG_WARN_UNGUARDED_AVAILABILITY = YES_AGGRESSIVE;
				CLANG_WARN_UNREACHABLE_CODE = YES;
				CLANG_WARN__DUPLICATE_METHOD_MATCH = YES;
				COPY_PHASE_STRIP = NO;
				DEBUG_INFORMATION_FORMAT = "dwarf-with-dsym";
				ENABLE_NS_ASSERTIONS = NO;
				ENABLE_STRICT_OBJC_MSGSEND = YES;
				ENABLE_USER_SCRIPT_SANDBOXING = YES;
				GCC_C_LANGUAGE_STANDARD = gnu17;
				GCC_NO_COMMON_BLOCKS = YES;
				GCC_WARN_64_TO_32_BIT_CONVERSION = YES;
				GCC_WARN_ABOUT_RETURN_TYPE = YES_ERROR;
				GCC_WARN_UNDECLARED_SELECTOR = YES;
				GCC_WARN_UNINITIALIZED_AUTOS = YES_AGGRESSIVE;
				GCC_WARN_UNUSED_FUNCTION = YES;
				GCC_WARN_UNUSED_VARIABLE = YES;
				IPHONEOS_DEPLOYMENT_TARGET = 17.5;
				LOCALIZATION_PREFERS_STRING_CATALOGS = YES;
				MTL_ENABLE_DEBUG_INFO = NO;
				MTL_FAST_MATH = YES;
				SDKROOT = iphoneos;
				SWIFT_COMPILATION_MODE = wholemodule;
				VALIDATE_PRODUCT = YES;
			};
			name = Release;
		};
		1B47C8C32C563B3B004AB837 /* Debug */ = {
			isa = XCBuildConfiguration;
			buildSettings = {
				ASSETCATALOG_COMPILER_APPICON_NAME = AppIcon;
				ASSETCATALOG_COMPILER_GLOBAL_ACCENT_COLOR_NAME = AccentColor;
				CODE_SIGN_STYLE = Automatic;
				CURRENT_PROJECT_VERSION = 1;
				DEVELOPMENT_ASSET_PATHS = "\"Spoonacular/Preview Content\"";
				ENABLE_PREVIEWS = YES;
				GENERATE_INFOPLIST_FILE = YES;
				INFOPLIST_FILE = Spoonacular/Info.plist;
				INFOPLIST_KEY_UIApplicationSceneManifest_Generation = YES;
				INFOPLIST_KEY_UIApplicationSupportsIndirectInputEvents = YES;
				INFOPLIST_KEY_UILaunchScreen_Generation = YES;
				INFOPLIST_KEY_UISupportedInterfaceOrientations_iPad = "UIInterfaceOrientationPortrait UIInterfaceOrientationPortraitUpsideDown UIInterfaceOrientationLandscapeLeft UIInterfaceOrientationLandscapeRight";
				INFOPLIST_KEY_UISupportedInterfaceOrientations_iPhone = "UIInterfaceOrientationPortrait UIInterfaceOrientationLandscapeLeft UIInterfaceOrientationLandscapeRight";
				LD_RUNPATH_SEARCH_PATHS = (
					"$(inherited)",
					"@executable_path/Frameworks",
				);
				MARKETING_VERSION = 1.0;
				PRODUCT_BUNDLE_IDENTIFIER = vprinz.Spoonacular;
				PRODUCT_NAME = "$(TARGET_NAME)";
				SWIFT_EMIT_LOC_STRINGS = YES;
				SWIFT_VERSION = 5.0;
				TARGETED_DEVICE_FAMILY = "1,2";
			};
			name = Debug;
		};
		1B47C8C42C563B3B004AB837 /* Release */ = {
			isa = XCBuildConfiguration;
			buildSettings = {
				ASSETCATALOG_COMPILER_APPICON_NAME = AppIcon;
				ASSETCATALOG_COMPILER_GLOBAL_ACCENT_COLOR_NAME = AccentColor;
				CODE_SIGN_STYLE = Automatic;
				CURRENT_PROJECT_VERSION = 1;
				DEVELOPMENT_ASSET_PATHS = "\"Spoonacular/Preview Content\"";
				ENABLE_PREVIEWS = YES;
				GENERATE_INFOPLIST_FILE = YES;
				INFOPLIST_FILE = Spoonacular/Info.plist;
				INFOPLIST_KEY_UIApplicationSceneManifest_Generation = YES;
				INFOPLIST_KEY_UIApplicationSupportsIndirectInputEvents = YES;
				INFOPLIST_KEY_UILaunchScreen_Generation = YES;
				INFOPLIST_KEY_UISupportedInterfaceOrientations_iPad = "UIInterfaceOrientationPortrait UIInterfaceOrientationPortraitUpsideDown UIInterfaceOrientationLandscapeLeft UIInterfaceOrientationLandscapeRight";
				INFOPLIST_KEY_UISupportedInterfaceOrientations_iPhone = "UIInterfaceOrientationPortrait UIInterfaceOrientationLandscapeLeft UIInterfaceOrientationLandscapeRight";
				LD_RUNPATH_SEARCH_PATHS = (
					"$(inherited)",
					"@executable_path/Frameworks",
				);
				MARKETING_VERSION = 1.0;
				PRODUCT_BUNDLE_IDENTIFIER = vprinz.Spoonacular;
				PRODUCT_NAME = "$(TARGET_NAME)";
				SWIFT_EMIT_LOC_STRINGS = YES;
				SWIFT_VERSION = 5.0;
				TARGETED_DEVICE_FAMILY = "1,2";
			};
			name = Release;
		};
/* End XCBuildConfiguration section */

/* Begin XCConfigurationList section */
		1B47C8AF2C563B39004AB837 /* Build configuration list for PBXProject "Spoonacular" */ = {
			isa = XCConfigurationList;
			buildConfigurations = (
				1B47C8C02C563B3B004AB837 /* Debug */,
				1B47C8C12C563B3B004AB837 /* Release */,
			);
			defaultConfigurationIsVisible = 0;
			defaultConfigurationName = Release;
		};
		1B47C8C22C563B3B004AB837 /* Build configuration list for PBXNativeTarget "Spoonacular" */ = {
			isa = XCConfigurationList;
			buildConfigurations = (
				1B47C8C32C563B3B004AB837 /* Debug */,
				1B47C8C42C563B3B004AB837 /* Release */,
			);
			defaultConfigurationIsVisible = 0;
			defaultConfigurationName = Release;
		};
/* End XCConfigurationList section */
	};
	rootObject = 1B47C8AC2C563B39004AB837 /* Project object */;
}
